# THIS IS AN AUTOGENERATED FILE. DO NOT EDIT THIS FILE DIRECTLY.
# yarn lockfile v1


eslint-config-upleveled@^5.0.4:
  version "5.0.4"
  resolved "https://registry.yarnpkg.com/eslint-config-upleveled/-/eslint-config-upleveled-5.0.4.tgz#cb4118a439c064e24266b374ecee631825600d7c"
  integrity sha512-il4vpPE7htSV2wzB20rCCj2IQcpnDfY3dS5NIrEtKltFpVsRq5XIwY2MB3MIyfr2gk4SH2l2bqM64ww+RM/LXg==

random-hex-color-generator@^1.0.12:
  version "1.0.12"
  resolved "https://registry.yarnpkg.com/random-hex-color-generator/-/random-hex-color-generator-1.0.12.tgz#195fedef08f6dbecb9442330f8b789de6b72a708"
  integrity sha512-4SwGx7eK57okyQT0XBCawKaxU562aDdnhU2DVZF0ZdHCEBaOfw50Ivs3w4J5MiOnkX4HU4UZoPab6jYIGLAmbA==

typescript@^5.2.2:
  version "5.2.2"
  resolved "https://registry.yarnpkg.com/typescript/-/typescript-5.2.2.tgz#5ebb5e5a5b75f085f22bc3f8460fba308310fa78"
  integrity sha512-mI4WrpHsbCIcwT9cF4FZvr80QUeKvsUsUvKDoR+X/7XHQH98xYD8YHZg7ANtz2GtZt/CBq2QJ0thkGJMHfqc1w=
